# This file was autogenerated by Stack.
# You should not edit this file by hand.
# For more information, please see the documentation at:
#   https://docs.haskellstack.org/en/stable/lock_files

packages:
- completed:
    hackage: monad-io-adapter-0.1.0.0@sha256:54b74abb735faf7ab2001befe47ab25ca9cec0e74c856cb44fea44ef326ad517,2978
    pantry-tree:
      size: 563
      sha256: 676f2270d1c15e6b8965399a3c3466ea0e5b2be99ac63d4a74051dcc217c057e
  original:
    hackage: monad-io-adapter-0.1.0.0
- completed:
    hackage: protolude-0.2.2@sha256:56d70fedaebeb2d4820b705eac29c3c7cb5fe90691af63cc970cdac085195449,2118
    pantry-tree:
      size: 1337
      sha256: e51b03c8b79258c89153a1dcf4efb00716fd2a4792b7f77ba443ee4401c30f2c
  original:
    hackage: protolude-0.2.2
snapshots:
- completed:
    size: 503685
    url: https://raw.githubusercontent.com/commercialhaskell/stackage-snapshots/master/lts/12/11.yaml
    sha256: a5cd71e5e76dc24426ab086adc0df15a4532b463284c75f4d1f1700b2fb9856c
  original: lts-12.11
